
Microsoft Visual Studio Solution File, Format Version 12.00
# Visual Studio Version 16
VisualStudioVersion = 16.0.30503.244
MinimumVisualStudioVersion = 10.0.40219.1
Project("{FAE04EC0-301F-11D3-BF4B-00C04F79EFBC}") = "FilmFragmanIzleme", "FilmFragmanIzleme\FilmFragmanIzleme.csproj", "{42D44932-0FE3-4BCA-BA54-BEBE7F8B7F3E}"
EndProject
Global
	GlobalSection(SolutionConfigurationPlatforms) = preSolution
		Debug|Any CPU = Debug|Any CPU
		Release|Any CPU = Release|Any CPU
	EndGlobalSection
	GlobalSection(ProjectConfigurationPlatforms) = postSolution
		{42D44932-0FE3-4BCA-BA54-BEBE7F8B7F3E}.Debug|Any CPU.ActiveCfg = Debug|Any CPU
		{42D44932-0FE3-4BCA-BA54-BEBE7F8B7F3E}.Debug|Any CPU.Build.0 = Debug|Any CPU
		{42D44932-0FE3-4BCA-BA54-BEBE7F8B7F3E}.Release|Any CPU.ActiveCfg = Release|Any CPU
		{42D44932-0FE3-4BCA-BA54-BEBE7F8B7F3E}.Release|Any CPU.Build.0 = Release|Any CPU
	EndGlobalSection
	GlobalSection(SolutionProperties) = preSolution
		HideSolutionNode = FALSE
	EndGlobalSection
	GlobalSection(ExtensibilityGlobals) = postSolution
		SolutionGuid = {0A122345-15E2-44A9-9E88-412CFB8DA040}
	EndGlobalSection
EndGlobal
